
Microsoft Visual Studio Solution File, Format Version 12.00
# Visual Studio Version 16
VisualStudioVersion = 16.0.29102.190
MinimumVisualStudioVersion = 10.0.40219.1
Project("{FAE04EC0-301F-11D3-BF4B-00C04F79EFBC}") = "Calculacao", "Calculacao.csproj", "{010517FA-FB6E-45A3-8D50-5A8D202FE71B}"
EndProject
Global
	GlobalSection(SolutionConfigurationPlatforms) = preSolution
		Debug|Any CPU = Debug|Any CPU
		Release|Any CPU = Release|Any CPU
	EndGlobalSection
	GlobalSection(ProjectConfigurationPlatforms) = postSolution
		{010517FA-FB6E-45A3-8D50-5A8D202FE71B}.Debug|Any CPU.ActiveCfg = Debug|Any CPU
		{010517FA-FB6E-45A3-8D50-5A8D202FE71B}.Debug|Any CPU.Build.0 = Debug|Any CPU
		{010517FA-FB6E-45A3-8D50-5A8D202FE71B}.Release|Any CPU.ActiveCfg = Release|Any CPU
		{010517FA-FB6E-45A3-8D50-5A8D202FE71B}.Release|Any CPU.Build.0 = Release|Any CPU
	EndGlobalSection
	GlobalSection(SolutionProperties) = preSolution
		HideSolutionNode = FALSE
	EndGlobalSection
	GlobalSection(ExtensibilityGlobals) = postSolution
		SolutionGuid = {847D60C4-75FC-47B8-ADEE-54BFA1052277}
	EndGlobalSection
EndGlobal
