
Microsoft Visual Studio Solution File, Format Version 12.00
# Visual Studio Version 16
VisualStudioVersion = 16.0.29102.190
MinimumVisualStudioVersion = 10.0.40219.1
Project("{FAE04EC0-301F-11D3-BF4B-00C04F79EFBC}") = "WebApplication1", "WebApplication1.csproj", "{49818615-F7E0-4159-8FBB-792CAEC6D840}"
EndProject
Global
	GlobalSection(SolutionConfigurationPlatforms) = preSolution
		Debug|Any CPU = Debug|Any CPU
		Release|Any CPU = Release|Any CPU
	EndGlobalSection
	GlobalSection(ProjectConfigurationPlatforms) = postSolution
		{49818615-F7E0-4159-8FBB-792CAEC6D840}.Debug|Any CPU.ActiveCfg = Debug|Any CPU
		{49818615-F7E0-4159-8FBB-792CAEC6D840}.Debug|Any CPU.Build.0 = Debug|Any CPU
		{49818615-F7E0-4159-8FBB-792CAEC6D840}.Release|Any CPU.ActiveCfg = Release|Any CPU
		{49818615-F7E0-4159-8FBB-792CAEC6D840}.Release|Any CPU.Build.0 = Release|Any CPU
	EndGlobalSection
	GlobalSection(SolutionProperties) = preSolution
		HideSolutionNode = FALSE
	EndGlobalSection
	GlobalSection(ExtensibilityGlobals) = postSolution
		SolutionGuid = {609B69AC-C55A-442C-B572-ABF146AA6BA0}
	EndGlobalSection
EndGlobal
