
Microsoft Visual Studio Solution File, Format Version 12.00
# Visual Studio Version 16
VisualStudioVersion = 16.0.29102.190
MinimumVisualStudioVersion = 10.0.40219.1
Project("{FAE04EC0-301F-11D3-BF4B-00C04F79EFBC}") = "TabelaCarroMVC", "TabelaCarroMVC.csproj", "{77CC4F4D-3D33-4F0F-9652-BF3BEAFEE02B}"
EndProject
Global
	GlobalSection(SolutionConfigurationPlatforms) = preSolution
		Debug|Any CPU = Debug|Any CPU
		Release|Any CPU = Release|Any CPU
	EndGlobalSection
	GlobalSection(ProjectConfigurationPlatforms) = postSolution
		{77CC4F4D-3D33-4F0F-9652-BF3BEAFEE02B}.Debug|Any CPU.ActiveCfg = Debug|Any CPU
		{77CC4F4D-3D33-4F0F-9652-BF3BEAFEE02B}.Debug|Any CPU.Build.0 = Debug|Any CPU
		{77CC4F4D-3D33-4F0F-9652-BF3BEAFEE02B}.Release|Any CPU.ActiveCfg = Release|Any CPU
		{77CC4F4D-3D33-4F0F-9652-BF3BEAFEE02B}.Release|Any CPU.Build.0 = Release|Any CPU
	EndGlobalSection
	GlobalSection(SolutionProperties) = preSolution
		HideSolutionNode = FALSE
	EndGlobalSection
	GlobalSection(ExtensibilityGlobals) = postSolution
		SolutionGuid = {4AB10FE0-44D7-4754-BCB5-CCB49D7C7166}
	EndGlobalSection
EndGlobal
