
Microsoft Visual Studio Solution File, Format Version 12.00
# Visual Studio Version 16
VisualStudioVersion = 16.0.29102.190
MinimumVisualStudioVersion = 10.0.40219.1
Project("{FAE04EC0-301F-11D3-BF4B-00C04F79EFBC}") = "CriacaoDeListaComClasse", "CriacaoDeListaComClasse.csproj", "{EFDADAEC-7B49-4B26-9F22-9C20E59441A0}"
EndProject
Project("{FAE04EC0-301F-11D3-BF4B-00C04F79EFBC}") = "UsandoNossaBibliotecaDeLista", "..\UsandoNossaBibliotecaDeLista\UsandoNossaBibliotecaDeLista.csproj", "{729278F2-80A8-4415-958A-CFE6C76FCCB0}"
EndProject
Global
	GlobalSection(SolutionConfigurationPlatforms) = preSolution
		Debug|Any CPU = Debug|Any CPU
		Release|Any CPU = Release|Any CPU
	EndGlobalSection
	GlobalSection(ProjectConfigurationPlatforms) = postSolution
		{EFDADAEC-7B49-4B26-9F22-9C20E59441A0}.Debug|Any CPU.ActiveCfg = Debug|Any CPU
		{EFDADAEC-7B49-4B26-9F22-9C20E59441A0}.Debug|Any CPU.Build.0 = Debug|Any CPU
		{EFDADAEC-7B49-4B26-9F22-9C20E59441A0}.Release|Any CPU.ActiveCfg = Release|Any CPU
		{EFDADAEC-7B49-4B26-9F22-9C20E59441A0}.Release|Any CPU.Build.0 = Release|Any CPU
		{729278F2-80A8-4415-958A-CFE6C76FCCB0}.Debug|Any CPU.ActiveCfg = Debug|Any CPU
		{729278F2-80A8-4415-958A-CFE6C76FCCB0}.Debug|Any CPU.Build.0 = Debug|Any CPU
		{729278F2-80A8-4415-958A-CFE6C76FCCB0}.Release|Any CPU.ActiveCfg = Release|Any CPU
		{729278F2-80A8-4415-958A-CFE6C76FCCB0}.Release|Any CPU.Build.0 = Release|Any CPU
	EndGlobalSection
	GlobalSection(SolutionProperties) = preSolution
		HideSolutionNode = FALSE
	EndGlobalSection
	GlobalSection(ExtensibilityGlobals) = postSolution
		SolutionGuid = {5783253A-F9E5-4EAF-B012-B25D0BAF3180}
	EndGlobalSection
EndGlobal
