
Microsoft Visual Studio Solution File, Format Version 12.00
# Visual Studio Version 16
VisualStudioVersion = 16.0.29102.190
MinimumVisualStudioVersion = 10.0.40219.1
Project("{FAE04EC0-301F-11D3-BF4B-00C04F79EFBC}") = "MyFirstWPFApp", "MyFirstWPFApp.csproj", "{DFF62AFB-5298-4376-A767-316FFE1DB035}"
EndProject
Global
	GlobalSection(SolutionConfigurationPlatforms) = preSolution
		Debug|Any CPU = Debug|Any CPU
		Release|Any CPU = Release|Any CPU
	EndGlobalSection
	GlobalSection(ProjectConfigurationPlatforms) = postSolution
		{DFF62AFB-5298-4376-A767-316FFE1DB035}.Debug|Any CPU.ActiveCfg = Debug|Any CPU
		{DFF62AFB-5298-4376-A767-316FFE1DB035}.Debug|Any CPU.Build.0 = Debug|Any CPU
		{DFF62AFB-5298-4376-A767-316FFE1DB035}.Release|Any CPU.ActiveCfg = Release|Any CPU
		{DFF62AFB-5298-4376-A767-316FFE1DB035}.Release|Any CPU.Build.0 = Release|Any CPU
	EndGlobalSection
	GlobalSection(SolutionProperties) = preSolution
		HideSolutionNode = FALSE
	EndGlobalSection
	GlobalSection(ExtensibilityGlobals) = postSolution
		SolutionGuid = {EFB1FBCE-8BE6-4D73-A617-A21404F6CB25}
	EndGlobalSection
EndGlobal
