
Microsoft Visual Studio Solution File, Format Version 12.00
# Visual Studio Version 16
VisualStudioVersion = 16.0.29020.237
MinimumVisualStudioVersion = 10.0.40219.1
Project("{FAE04EC0-301F-11D3-BF4B-00C04F79EFBC}") = "WindowsFormsApp1", "WindowsFormsApp1.csproj", "{64ACA6B5-05F6-41AD-B0EF-0794310007FC}"
EndProject
Global
	GlobalSection(SolutionConfigurationPlatforms) = preSolution
		Debug|Any CPU = Debug|Any CPU
		Release|Any CPU = Release|Any CPU
	EndGlobalSection
	GlobalSection(ProjectConfigurationPlatforms) = postSolution
		{64ACA6B5-05F6-41AD-B0EF-0794310007FC}.Debug|Any CPU.ActiveCfg = Debug|Any CPU
		{64ACA6B5-05F6-41AD-B0EF-0794310007FC}.Debug|Any CPU.Build.0 = Debug|Any CPU
		{64ACA6B5-05F6-41AD-B0EF-0794310007FC}.Release|Any CPU.ActiveCfg = Release|Any CPU
		{64ACA6B5-05F6-41AD-B0EF-0794310007FC}.Release|Any CPU.Build.0 = Release|Any CPU
	EndGlobalSection
	GlobalSection(SolutionProperties) = preSolution
		HideSolutionNode = FALSE
	EndGlobalSection
	GlobalSection(ExtensibilityGlobals) = postSolution
		SolutionGuid = {F0ADE16B-F6D7-4839-B49A-7426113FB0E7}
	EndGlobalSection
EndGlobal
