
Microsoft Visual Studio Solution File, Format Version 12.00
# Visual Studio Version 16
VisualStudioVersion = 16.0.29020.237
MinimumVisualStudioVersion = 10.0.40219.1
Project("{FAE04EC0-301F-11D3-BF4B-00C04F79EFBC}") = "exercicio_1", "exercicio_1.csproj", "{8F54DB1D-B7A4-41DC-BF3B-1F7261146D9E}"
EndProject
Global
	GlobalSection(SolutionConfigurationPlatforms) = preSolution
		Debug|Any CPU = Debug|Any CPU
		Release|Any CPU = Release|Any CPU
	EndGlobalSection
	GlobalSection(ProjectConfigurationPlatforms) = postSolution
		{8F54DB1D-B7A4-41DC-BF3B-1F7261146D9E}.Debug|Any CPU.ActiveCfg = Debug|Any CPU
		{8F54DB1D-B7A4-41DC-BF3B-1F7261146D9E}.Debug|Any CPU.Build.0 = Debug|Any CPU
		{8F54DB1D-B7A4-41DC-BF3B-1F7261146D9E}.Release|Any CPU.ActiveCfg = Release|Any CPU
		{8F54DB1D-B7A4-41DC-BF3B-1F7261146D9E}.Release|Any CPU.Build.0 = Release|Any CPU
	EndGlobalSection
	GlobalSection(SolutionProperties) = preSolution
		HideSolutionNode = FALSE
	EndGlobalSection
	GlobalSection(ExtensibilityGlobals) = postSolution
		SolutionGuid = {B5C225FA-A6E2-4A2F-8DAF-216F2F1AA2CB}
	EndGlobalSection
EndGlobal
