
Microsoft Visual Studio Solution File, Format Version 12.00
# Visual Studio Version 16
VisualStudioVersion = 16.0.29020.237
MinimumVisualStudioVersion = 10.0.40219.1
Project("{FAE04EC0-301F-11D3-BF4B-00C04F79EFBC}") = "ConsoleArrayBi", "ConsoleArrayBi.csproj", "{B733E44A-BF32-4578-BD53-B102595F83D9}"
EndProject
Global
	GlobalSection(SolutionConfigurationPlatforms) = preSolution
		Debug|Any CPU = Debug|Any CPU
		Release|Any CPU = Release|Any CPU
	EndGlobalSection
	GlobalSection(ProjectConfigurationPlatforms) = postSolution
		{B733E44A-BF32-4578-BD53-B102595F83D9}.Debug|Any CPU.ActiveCfg = Debug|Any CPU
		{B733E44A-BF32-4578-BD53-B102595F83D9}.Debug|Any CPU.Build.0 = Debug|Any CPU
		{B733E44A-BF32-4578-BD53-B102595F83D9}.Release|Any CPU.ActiveCfg = Release|Any CPU
		{B733E44A-BF32-4578-BD53-B102595F83D9}.Release|Any CPU.Build.0 = Release|Any CPU
	EndGlobalSection
	GlobalSection(SolutionProperties) = preSolution
		HideSolutionNode = FALSE
	EndGlobalSection
	GlobalSection(ExtensibilityGlobals) = postSolution
		SolutionGuid = {61F4186A-920E-4D43-AF22-DD92E7F2CE99}
	EndGlobalSection
EndGlobal
