
Microsoft Visual Studio Solution File, Format Version 12.00
# Visual Studio Version 16
VisualStudioVersion = 16.0.29020.237
MinimumVisualStudioVersion = 10.0.40219.1
Project("{FAE04EC0-301F-11D3-BF4B-00C04F79EFBC}") = "ListaDeCarros", "ListaDeCarros.csproj", "{062CEFE8-AED1-46BA-9602-BACAF780250E}"
EndProject
Global
	GlobalSection(SolutionConfigurationPlatforms) = preSolution
		Debug|Any CPU = Debug|Any CPU
		Release|Any CPU = Release|Any CPU
	EndGlobalSection
	GlobalSection(ProjectConfigurationPlatforms) = postSolution
		{062CEFE8-AED1-46BA-9602-BACAF780250E}.Debug|Any CPU.ActiveCfg = Debug|Any CPU
		{062CEFE8-AED1-46BA-9602-BACAF780250E}.Debug|Any CPU.Build.0 = Debug|Any CPU
		{062CEFE8-AED1-46BA-9602-BACAF780250E}.Release|Any CPU.ActiveCfg = Release|Any CPU
		{062CEFE8-AED1-46BA-9602-BACAF780250E}.Release|Any CPU.Build.0 = Release|Any CPU
	EndGlobalSection
	GlobalSection(SolutionProperties) = preSolution
		HideSolutionNode = FALSE
	EndGlobalSection
	GlobalSection(ExtensibilityGlobals) = postSolution
		SolutionGuid = {4B298F1E-461A-400B-80EB-BFFCE17381D3}
	EndGlobalSection
EndGlobal
